
Microsoft Visual Studio Solution File, Format Version 12.00
# Visual Studio 2012
Project("{FAE04EC0-301F-11D3-BF4B-00C04F79EFBC}") = "WpfUI", "WpfUI\WpfUI.csproj", "{33C8BBB6-9503-4B92-839F-6BE55F3E40BA}"
EndProject
Project("{FAE04EC0-301F-11D3-BF4B-00C04F79EFBC}") = "Core", "Core\Core.csproj", "{D6B29321-75AE-4665-A9AD-A32E90E2B196}"
EndProject
Project("{FAE04EC0-301F-11D3-BF4B-00C04F79EFBC}") = "UIElements", "UIElments\UIElements.csproj", "{AC531AD4-6E7A-4ADB-BA7C-5584478FCDC6}"
EndProject
Project("{FAE04EC0-301F-11D3-BF4B-00C04F79EFBC}") = "TaskBoardUI", "TaskBoardUI\TaskBoardUI.csproj", "{98174C73-3DB9-47EA-933F-A614DA7CB597}"
EndProject
Project("{FAE04EC0-301F-11D3-BF4B-00C04F79EFBC}") = "ProjectSetupUI", "ProjectSetupUI\ProjectSetupUI.csproj", "{2BD06EE5-23D2-43F5-A64A-B32BD8E7DC28}"
EndProject
Project("{FAE04EC0-301F-11D3-BF4B-00C04F79EFBC}") = "ItemListUI", "ItemListUI\ItemListUI.csproj", "{4ACC58C3-06F0-4FA8-998A-A587FB543FAB}"
EndProject
Project("{FAE04EC0-301F-11D3-BF4B-00C04F79EFBC}") = "HierarchyUI", "HierarchyUI\HierarchyUI.csproj", "{8CE5622A-203E-4B1C-89CA-25CC32577C5E}"
EndProject
Project("{FAE04EC0-301F-11D3-BF4B-00C04F79EFBC}") = "Tests", "Tests\Tests.csproj", "{DBC518BF-8FD8-4B2E-B3AA-20CA41CA9C9F}"
EndProject
Project("{FAE04EC0-301F-11D3-BF4B-00C04F79EFBC}") = "PollingService", "PollingService\PollingService.csproj", "{DBA331C0-35B6-4235-8A5F-6C535425797F}"
EndProject
Project("{FAE04EC0-301F-11D3-BF4B-00C04F79EFBC}") = "StatisticsViewer", "StatisticsViewer\StatisticsViewer.csproj", "{7446888A-259F-4974-9DE4-7CEB1CE9DD7E}"
EndProject
Project("{FAE04EC0-301F-11D3-BF4B-00C04F79EFBC}") = "FilterService", "FilterService\FilterService.csproj", "{E961A5EB-C3E3-4D23-8E85-595E6F6AE715}"
EndProject
Project("{FAE04EC0-301F-11D3-BF4B-00C04F79EFBC}") = "VersionCheck", "VersionCheck\VersionCheck.csproj", "{B8DDC410-DF4E-48AA-A307-FBC46F9352A4}"
EndProject
Project("{FAE04EC0-301F-11D3-BF4B-00C04F79EFBC}") = "VersionCheck.Tests", "VersionCheck.Tests\VersionCheck.Tests.csproj", "{62254BC2-59B8-462F-AECE-2E043DA81FA7}"
EndProject
Project("{2150E333-8FDC-42A3-9474-1A3956D46DE8}") = "Common Files", "Common Files", "{8BD8F12E-6B51-44EE-903D-9DE1C24F7126}"
	ProjectSection(SolutionItems) = preProject
		..\CommonObjects\CustomDictionary.xml = ..\CommonObjects\CustomDictionary.xml
		..\CommonObjects\TfsWorkbench.snk = ..\CommonObjects\TfsWorkbench.snk
		..\CommonObjects\TfsWorkbenchVersionInfo.cs = ..\CommonObjects\TfsWorkbenchVersionInfo.cs
	EndProjectSection
EndProject
Project("{2150E333-8FDC-42A3-9474-1A3956D46DE8}") = "Core Elements", "Core Elements", "{48C0460D-0E38-43AC-B1E2-83F8739C6174}"
EndProject
Project("{2150E333-8FDC-42A3-9474-1A3956D46DE8}") = "Display Modes", "Display Modes", "{B1CF34F7-2A24-4A72-A663-7718B9972C34}"
EndProject
Project("{2150E333-8FDC-42A3-9474-1A3956D46DE8}") = "Plugins", "Plugins", "{9D3FD4E7-1419-4DE3-AF36-45D2380EC164}"
EndProject
Project("{2150E333-8FDC-42A3-9474-1A3956D46DE8}") = "Testing", "Testing", "{3A8040AD-7442-4144-B03D-F127C5449EA6}"
EndProject
Project("{2150E333-8FDC-42A3-9474-1A3956D46DE8}") = "Data Providers", "Data Providers", "{3BFFD668-32EF-4E90-9661-C5B5C6CDB86F}"
EndProject
Project("{FAE04EC0-301F-11D3-BF4B-00C04F79EFBC}") = "ReportViewer", "ReportViewer\ReportViewer.csproj", "{54214479-290E-4ECE-98D9-69637A98EE34}"
EndProject
Project("{FAE04EC0-301F-11D3-BF4B-00C04F79EFBC}") = "TFSDataProvider2010", "TFSDataProvider2010\TFSDataProvider2010.csproj", "{DB93E220-8107-4B14-BD8B-F1BD6824E721}"
EndProject
Project("{FAE04EC0-301F-11D3-BF4B-00C04F79EFBC}") = "WorkItemEditor2010", "WorkItemEditor2010\WorkItemEditor2010.csproj", "{3A7382BC-D841-4F1B-8898-CB1D6C833389}"
EndProject
Project("{FAE04EC0-301F-11D3-BF4B-00C04F79EFBC}") = "TFSDataProvider2012", "TFSDataProvider2012\TFSDataProvider2012.csproj", "{1BF00905-8B7B-41E4-AD6A-D10C7C778AA3}"
EndProject
Project("{FAE04EC0-301F-11D3-BF4B-00C04F79EFBC}") = "WorkItemEditor2012", "WorkItemEditor2012\WorkItemEditor2012.csproj", "{0BB088EB-8306-4DFE-B43D-25EF8650717F}"
EndProject
Project("{FAE04EC0-301F-11D3-BF4B-00C04F79EFBC}") = "NotePadUI", "NotePadUI\NotePadUI.csproj", "{E0A153D7-1AB6-45B3-AB53-17E0BC6D7419}"
EndProject
Global
	GlobalSection(TestCaseManagementSettings) = postSolution
		CategoryFile = SfTSv3TaskBoard.vsmdi
	EndGlobalSection
	GlobalSection(SolutionConfigurationPlatforms) = preSolution
		Debug|Any CPU = Debug|Any CPU
		Debug|x64 = Debug|x64
		Debug|x86 = Debug|x86
		Release|Any CPU = Release|Any CPU
		Release|x64 = Release|x64
		Release|x86 = Release|x86
	EndGlobalSection
	GlobalSection(ProjectConfigurationPlatforms) = postSolution
		{33C8BBB6-9503-4B92-839F-6BE55F3E40BA}.Debug|Any CPU.ActiveCfg = Debug|Any CPU
		{33C8BBB6-9503-4B92-839F-6BE55F3E40BA}.Debug|Any CPU.Build.0 = Debug|Any CPU
		{33C8BBB6-9503-4B92-839F-6BE55F3E40BA}.Debug|x64.ActiveCfg = Debug|x64
		{33C8BBB6-9503-4B92-839F-6BE55F3E40BA}.Debug|x64.Build.0 = Debug|x64
		{33C8BBB6-9503-4B92-839F-6BE55F3E40BA}.Debug|x86.ActiveCfg = Debug|x86
		{33C8BBB6-9503-4B92-839F-6BE55F3E40BA}.Debug|x86.Build.0 = Debug|x86
		{33C8BBB6-9503-4B92-839F-6BE55F3E40BA}.Release|Any CPU.ActiveCfg = Release|Any CPU
		{33C8BBB6-9503-4B92-839F-6BE55F3E40BA}.Release|Any CPU.Build.0 = Release|Any CPU
		{33C8BBB6-9503-4B92-839F-6BE55F3E40BA}.Release|x64.ActiveCfg = Release|x64
		{33C8BBB6-9503-4B92-839F-6BE55F3E40BA}.Release|x64.Build.0 = Release|x64
		{33C8BBB6-9503-4B92-839F-6BE55F3E40BA}.Release|x86.ActiveCfg = Release|x86
		{33C8BBB6-9503-4B92-839F-6BE55F3E40BA}.Release|x86.Build.0 = Release|x86
		{D6B29321-75AE-4665-A9AD-A32E90E2B196}.Debug|Any CPU.ActiveCfg = Debug|Any CPU
		{D6B29321-75AE-4665-A9AD-A32E90E2B196}.Debug|Any CPU.Build.0 = Debug|Any CPU
		{D6B29321-75AE-4665-A9AD-A32E90E2B196}.Debug|x64.ActiveCfg = Debug|x64
		{D6B29321-75AE-4665-A9AD-A32E90E2B196}.Debug|x64.Build.0 = Debug|x64
		{D6B29321-75AE-4665-A9AD-A32E90E2B196}.Debug|x86.ActiveCfg = Debug|x86
		{D6B29321-75AE-4665-A9AD-A32E90E2B196}.Debug|x86.Build.0 = Debug|x86
		{D6B29321-75AE-4665-A9AD-A32E90E2B196}.Release|Any CPU.ActiveCfg = Release|Any CPU
		{D6B29321-75AE-4665-A9AD-A32E90E2B196}.Release|Any CPU.Build.0 = Release|Any CPU
		{D6B29321-75AE-4665-A9AD-A32E90E2B196}.Release|x64.ActiveCfg = Release|x64
		{D6B29321-75AE-4665-A9AD-A32E90E2B196}.Release|x64.Build.0 = Release|x64
		{D6B29321-75AE-4665-A9AD-A32E90E2B196}.Release|x86.ActiveCfg = Release|x86
		{D6B29321-75AE-4665-A9AD-A32E90E2B196}.Release|x86.Build.0 = Release|x86
		{AC531AD4-6E7A-4ADB-BA7C-5584478FCDC6}.Debug|Any CPU.ActiveCfg = Debug|Any CPU
		{AC531AD4-6E7A-4ADB-BA7C-5584478FCDC6}.Debug|Any CPU.Build.0 = Debug|Any CPU
		{AC531AD4-6E7A-4ADB-BA7C-5584478FCDC6}.Debug|x64.ActiveCfg = Debug|x64
		{AC531AD4-6E7A-4ADB-BA7C-5584478FCDC6}.Debug|x64.Build.0 = Debug|x64
		{AC531AD4-6E7A-4ADB-BA7C-5584478FCDC6}.Debug|x86.ActiveCfg = Debug|x86
		{AC531AD4-6E7A-4ADB-BA7C-5584478FCDC6}.Debug|x86.Build.0 = Debug|x86
		{AC531AD4-6E7A-4ADB-BA7C-5584478FCDC6}.Release|Any CPU.ActiveCfg = Release|Any CPU
		{AC531AD4-6E7A-4ADB-BA7C-5584478FCDC6}.Release|Any CPU.Build.0 = Release|Any CPU
		{AC531AD4-6E7A-4ADB-BA7C-5584478FCDC6}.Release|x64.ActiveCfg = Release|x64
		{AC531AD4-6E7A-4ADB-BA7C-5584478FCDC6}.Release|x64.Build.0 = Release|x64
		{AC531AD4-6E7A-4ADB-BA7C-5584478FCDC6}.Release|x86.ActiveCfg = Release|x86
		{AC531AD4-6E7A-4ADB-BA7C-5584478FCDC6}.Release|x86.Build.0 = Release|x86
		{98174C73-3DB9-47EA-933F-A614DA7CB597}.Debug|Any CPU.ActiveCfg = Debug|Any CPU
		{98174C73-3DB9-47EA-933F-A614DA7CB597}.Debug|Any CPU.Build.0 = Debug|Any CPU
		{98174C73-3DB9-47EA-933F-A614DA7CB597}.Debug|x64.ActiveCfg = Debug|x64
		{98174C73-3DB9-47EA-933F-A614DA7CB597}.Debug|x64.Build.0 = Debug|x64
		{98174C73-3DB9-47EA-933F-A614DA7CB597}.Debug|x86.ActiveCfg = Debug|x86
		{98174C73-3DB9-47EA-933F-A614DA7CB597}.Debug|x86.Build.0 = Debug|x86
		{98174C73-3DB9-47EA-933F-A614DA7CB597}.Release|Any CPU.ActiveCfg = Release|Any CPU
		{98174C73-3DB9-47EA-933F-A614DA7CB597}.Release|Any CPU.Build.0 = Release|Any CPU
		{98174C73-3DB9-47EA-933F-A614DA7CB597}.Release|x64.ActiveCfg = Release|x64
		{98174C73-3DB9-47EA-933F-A614DA7CB597}.Release|x64.Build.0 = Release|x64
		{98174C73-3DB9-47EA-933F-A614DA7CB597}.Release|x86.ActiveCfg = Release|x86
		{98174C73-3DB9-47EA-933F-A614DA7CB597}.Release|x86.Build.0 = Release|x86
		{2BD06EE5-23D2-43F5-A64A-B32BD8E7DC28}.Debug|Any CPU.ActiveCfg = Debug|Any CPU
		{2BD06EE5-23D2-43F5-A64A-B32BD8E7DC28}.Debug|Any CPU.Build.0 = Debug|Any CPU
		{2BD06EE5-23D2-43F5-A64A-B32BD8E7DC28}.Debug|x64.ActiveCfg = Debug|x64
		{2BD06EE5-23D2-43F5-A64A-B32BD8E7DC28}.Debug|x64.Build.0 = Debug|x64
		{2BD06EE5-23D2-43F5-A64A-B32BD8E7DC28}.Debug|x86.ActiveCfg = Debug|x86
		{2BD06EE5-23D2-43F5-A64A-B32BD8E7DC28}.Debug|x86.Build.0 = Debug|x86
		{2BD06EE5-23D2-43F5-A64A-B32BD8E7DC28}.Release|Any CPU.ActiveCfg = Release|Any CPU
		{2BD06EE5-23D2-43F5-A64A-B32BD8E7DC28}.Release|Any CPU.Build.0 = Release|Any CPU
		{2BD06EE5-23D2-43F5-A64A-B32BD8E7DC28}.Release|x64.ActiveCfg = Release|x64
		{2BD06EE5-23D2-43F5-A64A-B32BD8E7DC28}.Release|x64.Build.0 = Release|x64
		{2BD06EE5-23D2-43F5-A64A-B32BD8E7DC28}.Release|x86.ActiveCfg = Release|x86
		{2BD06EE5-23D2-43F5-A64A-B32BD8E7DC28}.Release|x86.Build.0 = Release|x86
		{4ACC58C3-06F0-4FA8-998A-A587FB543FAB}.Debug|Any CPU.ActiveCfg = Debug|Any CPU
		{4ACC58C3-06F0-4FA8-998A-A587FB543FAB}.Debug|Any CPU.Build.0 = Debug|Any CPU
		{4ACC58C3-06F0-4FA8-998A-A587FB543FAB}.Debug|x64.ActiveCfg = Debug|x64
		{4ACC58C3-06F0-4FA8-998A-A587FB543FAB}.Debug|x64.Build.0 = Debug|x64
		{4ACC58C3-06F0-4FA8-998A-A587FB543FAB}.Debug|x86.ActiveCfg = Debug|x86
		{4ACC58C3-06F0-4FA8-998A-A587FB543FAB}.Debug|x86.Build.0 = Debug|x86
		{4ACC58C3-06F0-4FA8-998A-A587FB543FAB}.Release|Any CPU.ActiveCfg = Release|Any CPU
		{4ACC58C3-06F0-4FA8-998A-A587FB543FAB}.Release|Any CPU.Build.0 = Release|Any CPU
		{4ACC58C3-06F0-4FA8-998A-A587FB543FAB}.Release|x64.ActiveCfg = Release|x64
		{4ACC58C3-06F0-4FA8-998A-A587FB543FAB}.Release|x64.Build.0 = Release|x64
		{4ACC58C3-06F0-4FA8-998A-A587FB543FAB}.Release|x86.ActiveCfg = Release|x86
		{4ACC58C3-06F0-4FA8-998A-A587FB543FAB}.Release|x86.Build.0 = Release|x86
		{8CE5622A-203E-4B1C-89CA-25CC32577C5E}.Debug|Any CPU.ActiveCfg = Debug|Any CPU
		{8CE5622A-203E-4B1C-89CA-25CC32577C5E}.Debug|Any CPU.Build.0 = Debug|Any CPU
		{8CE5622A-203E-4B1C-89CA-25CC32577C5E}.Debug|x64.ActiveCfg = Debug|x64
		{8CE5622A-203E-4B1C-89CA-25CC32577C5E}.Debug|x64.Build.0 = Debug|x64
		{8CE5622A-203E-4B1C-89CA-25CC32577C5E}.Debug|x86.ActiveCfg = Debug|x86
		{8CE5622A-203E-4B1C-89CA-25CC32577C5E}.Debug|x86.Build.0 = Debug|x86
		{8CE5622A-203E-4B1C-89CA-25CC32577C5E}.Release|Any CPU.ActiveCfg = Release|Any CPU
		{8CE5622A-203E-4B1C-89CA-25CC32577C5E}.Release|Any CPU.Build.0 = Release|Any CPU
		{8CE5622A-203E-4B1C-89CA-25CC32577C5E}.Release|x64.ActiveCfg = Release|x64
		{8CE5622A-203E-4B1C-89CA-25CC32577C5E}.Release|x64.Build.0 = Release|x64
		{8CE5622A-203E-4B1C-89CA-25CC32577C5E}.Release|x86.ActiveCfg = Release|x86
		{8CE5622A-203E-4B1C-89CA-25CC32577C5E}.Release|x86.Build.0 = Release|x86
		{DBC518BF-8FD8-4B2E-B3AA-20CA41CA9C9F}.Debug|Any CPU.ActiveCfg = Debug|Any CPU
		{DBC518BF-8FD8-4B2E-B3AA-20CA41CA9C9F}.Debug|Any CPU.Build.0 = Debug|Any CPU
		{DBC518BF-8FD8-4B2E-B3AA-20CA41CA9C9F}.Debug|x64.ActiveCfg = Debug|x64
		{DBC518BF-8FD8-4B2E-B3AA-20CA41CA9C9F}.Debug|x64.Build.0 = Debug|x64
		{DBC518BF-8FD8-4B2E-B3AA-20CA41CA9C9F}.Debug|x86.ActiveCfg = Debug|x86
		{DBC518BF-8FD8-4B2E-B3AA-20CA41CA9C9F}.Debug|x86.Build.0 = Debug|x86
		{DBC518BF-8FD8-4B2E-B3AA-20CA41CA9C9F}.Release|Any CPU.ActiveCfg = Release|Any CPU
		{DBC518BF-8FD8-4B2E-B3AA-20CA41CA9C9F}.Release|Any CPU.Build.0 = Release|Any CPU
		{DBC518BF-8FD8-4B2E-B3AA-20CA41CA9C9F}.Release|x64.ActiveCfg = Release|x64
		{DBC518BF-8FD8-4B2E-B3AA-20CA41CA9C9F}.Release|x64.Build.0 = Release|x64
		{DBC518BF-8FD8-4B2E-B3AA-20CA41CA9C9F}.Release|x86.ActiveCfg = Release|x86
		{DBC518BF-8FD8-4B2E-B3AA-20CA41CA9C9F}.Release|x86.Build.0 = Release|x86
		{DBA331C0-35B6-4235-8A5F-6C535425797F}.Debug|Any CPU.ActiveCfg = Debug|Any CPU
		{DBA331C0-35B6-4235-8A5F-6C535425797F}.Debug|Any CPU.Build.0 = Debug|Any CPU
		{DBA331C0-35B6-4235-8A5F-6C535425797F}.Debug|x64.ActiveCfg = Debug|x64
		{DBA331C0-35B6-4235-8A5F-6C535425797F}.Debug|x64.Build.0 = Debug|x64
		{DBA331C0-35B6-4235-8A5F-6C535425797F}.Debug|x86.ActiveCfg = Debug|x86
		{DBA331C0-35B6-4235-8A5F-6C535425797F}.Debug|x86.Build.0 = Debug|x86
		{DBA331C0-35B6-4235-8A5F-6C535425797F}.Release|Any CPU.ActiveCfg = Release|Any CPU
		{DBA331C0-35B6-4235-8A5F-6C535425797F}.Release|Any CPU.Build.0 = Release|Any CPU
		{DBA331C0-35B6-4235-8A5F-6C535425797F}.Release|x64.ActiveCfg = Release|x64
		{DBA331C0-35B6-4235-8A5F-6C535425797F}.Release|x64.Build.0 = Release|x64
		{DBA331C0-35B6-4235-8A5F-6C535425797F}.Release|x86.ActiveCfg = Release|x86
		{DBA331C0-35B6-4235-8A5F-6C535425797F}.Release|x86.Build.0 = Release|x86
		{7446888A-259F-4974-9DE4-7CEB1CE9DD7E}.Debug|Any CPU.ActiveCfg = Debug|Any CPU
		{7446888A-259F-4974-9DE4-7CEB1CE9DD7E}.Debug|Any CPU.Build.0 = Debug|Any CPU
		{7446888A-259F-4974-9DE4-7CEB1CE9DD7E}.Debug|x64.ActiveCfg = Debug|x64
		{7446888A-259F-4974-9DE4-7CEB1CE9DD7E}.Debug|x64.Build.0 = Debug|x64
		{7446888A-259F-4974-9DE4-7CEB1CE9DD7E}.Debug|x86.ActiveCfg = Debug|x86
		{7446888A-259F-4974-9DE4-7CEB1CE9DD7E}.Debug|x86.Build.0 = Debug|x86
		{7446888A-259F-4974-9DE4-7CEB1CE9DD7E}.Release|Any CPU.ActiveCfg = Release|Any CPU
		{7446888A-259F-4974-9DE4-7CEB1CE9DD7E}.Release|Any CPU.Build.0 = Release|Any CPU
		{7446888A-259F-4974-9DE4-7CEB1CE9DD7E}.Release|x64.ActiveCfg = Release|x64
		{7446888A-259F-4974-9DE4-7CEB1CE9DD7E}.Release|x64.Build.0 = Release|x64
		{7446888A-259F-4974-9DE4-7CEB1CE9DD7E}.Release|x86.ActiveCfg = Release|x86
		{7446888A-259F-4974-9DE4-7CEB1CE9DD7E}.Release|x86.Build.0 = Release|x86
		{E961A5EB-C3E3-4D23-8E85-595E6F6AE715}.Debug|Any CPU.ActiveCfg = Debug|Any CPU
		{E961A5EB-C3E3-4D23-8E85-595E6F6AE715}.Debug|Any CPU.Build.0 = Debug|Any CPU
		{E961A5EB-C3E3-4D23-8E85-595E6F6AE715}.Debug|x64.ActiveCfg = Debug|x64
		{E961A5EB-C3E3-4D23-8E85-595E6F6AE715}.Debug|x64.Build.0 = Debug|x64
		{E961A5EB-C3E3-4D23-8E85-595E6F6AE715}.Debug|x86.ActiveCfg = Debug|x86
		{E961A5EB-C3E3-4D23-8E85-595E6F6AE715}.Debug|x86.Build.0 = Debug|x86
		{E961A5EB-C3E3-4D23-8E85-595E6F6AE715}.Release|Any CPU.ActiveCfg = Release|Any CPU
		{E961A5EB-C3E3-4D23-8E85-595E6F6AE715}.Release|Any CPU.Build.0 = Release|Any CPU
		{E961A5EB-C3E3-4D23-8E85-595E6F6AE715}.Release|x64.ActiveCfg = Release|x64
		{E961A5EB-C3E3-4D23-8E85-595E6F6AE715}.Release|x64.Build.0 = Release|x64
		{E961A5EB-C3E3-4D23-8E85-595E6F6AE715}.Release|x86.ActiveCfg = Release|x86
		{E961A5EB-C3E3-4D23-8E85-595E6F6AE715}.Release|x86.Build.0 = Release|x86
		{B8DDC410-DF4E-48AA-A307-FBC46F9352A4}.Debug|Any CPU.ActiveCfg = Debug|Any CPU
		{B8DDC410-DF4E-48AA-A307-FBC46F9352A4}.Debug|Any CPU.Build.0 = Debug|Any CPU
		{B8DDC410-DF4E-48AA-A307-FBC46F9352A4}.Debug|x64.ActiveCfg = Debug|x64
		{B8DDC410-DF4E-48AA-A307-FBC46F9352A4}.Debug|x64.Build.0 = Debug|x64
		{B8DDC410-DF4E-48AA-A307-FBC46F9352A4}.Debug|x86.ActiveCfg = Debug|x86
		{B8DDC410-DF4E-48AA-A307-FBC46F9352A4}.Debug|x86.Build.0 = Debug|x86
		{B8DDC410-DF4E-48AA-A307-FBC46F9352A4}.Release|Any CPU.ActiveCfg = Release|Any CPU
		{B8DDC410-DF4E-48AA-A307-FBC46F9352A4}.Release|Any CPU.Build.0 = Release|Any CPU
		{B8DDC410-DF4E-48AA-A307-FBC46F9352A4}.Release|x64.ActiveCfg = Release|x64
		{B8DDC410-DF4E-48AA-A307-FBC46F9352A4}.Release|x64.Build.0 = Release|x64
		{B8DDC410-DF4E-48AA-A307-FBC46F9352A4}.Release|x86.ActiveCfg = Release|x86
		{B8DDC410-DF4E-48AA-A307-FBC46F9352A4}.Release|x86.Build.0 = Release|x86
		{62254BC2-59B8-462F-AECE-2E043DA81FA7}.Debug|Any CPU.ActiveCfg = Debug|Any CPU
		{62254BC2-59B8-462F-AECE-2E043DA81FA7}.Debug|Any CPU.Build.0 = Debug|Any CPU
		{62254BC2-59B8-462F-AECE-2E043DA81FA7}.Debug|x64.ActiveCfg = Debug|x64
		{62254BC2-59B8-462F-AECE-2E043DA81FA7}.Debug|x64.Build.0 = Debug|x64
		{62254BC2-59B8-462F-AECE-2E043DA81FA7}.Debug|x86.ActiveCfg = Debug|x86
		{62254BC2-59B8-462F-AECE-2E043DA81FA7}.Debug|x86.Build.0 = Debug|x86
		{62254BC2-59B8-462F-AECE-2E043DA81FA7}.Release|Any CPU.ActiveCfg = Release|Any CPU
		{62254BC2-59B8-462F-AECE-2E043DA81FA7}.Release|Any CPU.Build.0 = Release|Any CPU
		{62254BC2-59B8-462F-AECE-2E043DA81FA7}.Release|x64.ActiveCfg = Release|x64
		{62254BC2-59B8-462F-AECE-2E043DA81FA7}.Release|x64.Build.0 = Release|x64
		{62254BC2-59B8-462F-AECE-2E043DA81FA7}.Release|x86.ActiveCfg = Release|x86
		{62254BC2-59B8-462F-AECE-2E043DA81FA7}.Release|x86.Build.0 = Release|x86
		{54214479-290E-4ECE-98D9-69637A98EE34}.Debug|Any CPU.ActiveCfg = Debug|Any CPU
		{54214479-290E-4ECE-98D9-69637A98EE34}.Debug|Any CPU.Build.0 = Debug|Any CPU
		{54214479-290E-4ECE-98D9-69637A98EE34}.Debug|x64.ActiveCfg = Debug|x64
		{54214479-290E-4ECE-98D9-69637A98EE34}.Debug|x64.Build.0 = Debug|x64
		{54214479-290E-4ECE-98D9-69637A98EE34}.Debug|x86.ActiveCfg = Debug|x86
		{54214479-290E-4ECE-98D9-69637A98EE34}.Debug|x86.Build.0 = Debug|x86
		{54214479-290E-4ECE-98D9-69637A98EE34}.Release|Any CPU.ActiveCfg = Release|Any CPU
		{54214479-290E-4ECE-98D9-69637A98EE34}.Release|Any CPU.Build.0 = Release|Any CPU
		{54214479-290E-4ECE-98D9-69637A98EE34}.Release|x64.ActiveCfg = Release|x64
		{54214479-290E-4ECE-98D9-69637A98EE34}.Release|x64.Build.0 = Release|x64
		{54214479-290E-4ECE-98D9-69637A98EE34}.Release|x86.ActiveCfg = Release|x86
		{54214479-290E-4ECE-98D9-69637A98EE34}.Release|x86.Build.0 = Release|x86
		{DB93E220-8107-4B14-BD8B-F1BD6824E721}.Debug|Any CPU.ActiveCfg = Debug|Any CPU
		{DB93E220-8107-4B14-BD8B-F1BD6824E721}.Debug|Any CPU.Build.0 = Debug|Any CPU
		{DB93E220-8107-4B14-BD8B-F1BD6824E721}.Debug|x64.ActiveCfg = Debug|x64
		{DB93E220-8107-4B14-BD8B-F1BD6824E721}.Debug|x64.Build.0 = Debug|x64
		{DB93E220-8107-4B14-BD8B-F1BD6824E721}.Debug|x86.ActiveCfg = Debug|x86
		{DB93E220-8107-4B14-BD8B-F1BD6824E721}.Debug|x86.Build.0 = Debug|x86
		{DB93E220-8107-4B14-BD8B-F1BD6824E721}.Release|Any CPU.ActiveCfg = Release|Any CPU
		{DB93E220-8107-4B14-BD8B-F1BD6824E721}.Release|Any CPU.Build.0 = Release|Any CPU
		{DB93E220-8107-4B14-BD8B-F1BD6824E721}.Release|x64.ActiveCfg = Release|x64
		{DB93E220-8107-4B14-BD8B-F1BD6824E721}.Release|x64.Build.0 = Release|x64
		{DB93E220-8107-4B14-BD8B-F1BD6824E721}.Release|x86.ActiveCfg = Release|x86
		{DB93E220-8107-4B14-BD8B-F1BD6824E721}.Release|x86.Build.0 = Release|x86
		{3A7382BC-D841-4F1B-8898-CB1D6C833389}.Debug|Any CPU.ActiveCfg = Debug|Any CPU
		{3A7382BC-D841-4F1B-8898-CB1D6C833389}.Debug|Any CPU.Build.0 = Debug|Any CPU
		{3A7382BC-D841-4F1B-8898-CB1D6C833389}.Debug|x64.ActiveCfg = Debug|x64
		{3A7382BC-D841-4F1B-8898-CB1D6C833389}.Debug|x64.Build.0 = Debug|x64
		{3A7382BC-D841-4F1B-8898-CB1D6C833389}.Debug|x86.ActiveCfg = Debug|x86
		{3A7382BC-D841-4F1B-8898-CB1D6C833389}.Debug|x86.Build.0 = Debug|x86
		{3A7382BC-D841-4F1B-8898-CB1D6C833389}.Release|Any CPU.ActiveCfg = Release|Any CPU
		{3A7382BC-D841-4F1B-8898-CB1D6C833389}.Release|Any CPU.Build.0 = Release|Any CPU
		{3A7382BC-D841-4F1B-8898-CB1D6C833389}.Release|x64.ActiveCfg = Release|x64
		{3A7382BC-D841-4F1B-8898-CB1D6C833389}.Release|x64.Build.0 = Release|x64
		{3A7382BC-D841-4F1B-8898-CB1D6C833389}.Release|x86.ActiveCfg = Release|x86
		{3A7382BC-D841-4F1B-8898-CB1D6C833389}.Release|x86.Build.0 = Release|x86
		{1BF00905-8B7B-41E4-AD6A-D10C7C778AA3}.Debug|Any CPU.ActiveCfg = Debug|Any CPU
		{1BF00905-8B7B-41E4-AD6A-D10C7C778AA3}.Debug|Any CPU.Build.0 = Debug|Any CPU
		{1BF00905-8B7B-41E4-AD6A-D10C7C778AA3}.Debug|x64.ActiveCfg = Debug|x64
		{1BF00905-8B7B-41E4-AD6A-D10C7C778AA3}.Debug|x64.Build.0 = Debug|x64
		{1BF00905-8B7B-41E4-AD6A-D10C7C778AA3}.Debug|x86.ActiveCfg = Debug|x86
		{1BF00905-8B7B-41E4-AD6A-D10C7C778AA3}.Debug|x86.Build.0 = Debug|x86
		{1BF00905-8B7B-41E4-AD6A-D10C7C778AA3}.Release|Any CPU.ActiveCfg = Release|Any CPU
		{1BF00905-8B7B-41E4-AD6A-D10C7C778AA3}.Release|Any CPU.Build.0 = Release|Any CPU
		{1BF00905-8B7B-41E4-AD6A-D10C7C778AA3}.Release|x64.ActiveCfg = Release|x64
		{1BF00905-8B7B-41E4-AD6A-D10C7C778AA3}.Release|x64.Build.0 = Release|x64
		{1BF00905-8B7B-41E4-AD6A-D10C7C778AA3}.Release|x86.ActiveCfg = Release|x86
		{1BF00905-8B7B-41E4-AD6A-D10C7C778AA3}.Release|x86.Build.0 = Release|x86
		{0BB088EB-8306-4DFE-B43D-25EF8650717F}.Debug|Any CPU.ActiveCfg = Debug|Any CPU
		{0BB088EB-8306-4DFE-B43D-25EF8650717F}.Debug|Any CPU.Build.0 = Debug|Any CPU
		{0BB088EB-8306-4DFE-B43D-25EF8650717F}.Debug|x64.ActiveCfg = Debug|x64
		{0BB088EB-8306-4DFE-B43D-25EF8650717F}.Debug|x64.Build.0 = Debug|x64
		{0BB088EB-8306-4DFE-B43D-25EF8650717F}.Debug|x86.ActiveCfg = Debug|x86
		{0BB088EB-8306-4DFE-B43D-25EF8650717F}.Debug|x86.Build.0 = Debug|x86
		{0BB088EB-8306-4DFE-B43D-25EF8650717F}.Release|Any CPU.ActiveCfg = Release|Any CPU
		{0BB088EB-8306-4DFE-B43D-25EF8650717F}.Release|Any CPU.Build.0 = Release|Any CPU
		{0BB088EB-8306-4DFE-B43D-25EF8650717F}.Release|x64.ActiveCfg = Release|x64
		{0BB088EB-8306-4DFE-B43D-25EF8650717F}.Release|x64.Build.0 = Release|x64
		{0BB088EB-8306-4DFE-B43D-25EF8650717F}.Release|x86.ActiveCfg = Release|x86
		{0BB088EB-8306-4DFE-B43D-25EF8650717F}.Release|x86.Build.0 = Release|x86
		{E0A153D7-1AB6-45B3-AB53-17E0BC6D7419}.Debug|Any CPU.ActiveCfg = Debug|Any CPU
		{E0A153D7-1AB6-45B3-AB53-17E0BC6D7419}.Debug|Any CPU.Build.0 = Debug|Any CPU
		{E0A153D7-1AB6-45B3-AB53-17E0BC6D7419}.Debug|x64.ActiveCfg = Debug|x64
		{E0A153D7-1AB6-45B3-AB53-17E0BC6D7419}.Debug|x64.Build.0 = Debug|x64
		{E0A153D7-1AB6-45B3-AB53-17E0BC6D7419}.Debug|x86.ActiveCfg = Debug|x86
		{E0A153D7-1AB6-45B3-AB53-17E0BC6D7419}.Debug|x86.Build.0 = Debug|x86
		{E0A153D7-1AB6-45B3-AB53-17E0BC6D7419}.Release|Any CPU.ActiveCfg = Release|Any CPU
		{E0A153D7-1AB6-45B3-AB53-17E0BC6D7419}.Release|Any CPU.Build.0 = Release|Any CPU
		{E0A153D7-1AB6-45B3-AB53-17E0BC6D7419}.Release|x64.ActiveCfg = Release|x64
		{E0A153D7-1AB6-45B3-AB53-17E0BC6D7419}.Release|x64.Build.0 = Release|x64
		{E0A153D7-1AB6-45B3-AB53-17E0BC6D7419}.Release|x86.ActiveCfg = Release|x86
		{E0A153D7-1AB6-45B3-AB53-17E0BC6D7419}.Release|x86.Build.0 = Release|x86
	EndGlobalSection
	GlobalSection(SolutionProperties) = preSolution
		HideSolutionNode = FALSE
	EndGlobalSection
	GlobalSection(NestedProjects) = preSolution
		{AC531AD4-6E7A-4ADB-BA7C-5584478FCDC6} = {48C0460D-0E38-43AC-B1E2-83F8739C6174}
		{D6B29321-75AE-4665-A9AD-A32E90E2B196} = {48C0460D-0E38-43AC-B1E2-83F8739C6174}
		{2BD06EE5-23D2-43F5-A64A-B32BD8E7DC28} = {B1CF34F7-2A24-4A72-A663-7718B9972C34}
		{4ACC58C3-06F0-4FA8-998A-A587FB543FAB} = {B1CF34F7-2A24-4A72-A663-7718B9972C34}
		{8CE5622A-203E-4B1C-89CA-25CC32577C5E} = {B1CF34F7-2A24-4A72-A663-7718B9972C34}
		{98174C73-3DB9-47EA-933F-A614DA7CB597} = {B1CF34F7-2A24-4A72-A663-7718B9972C34}
		{E0A153D7-1AB6-45B3-AB53-17E0BC6D7419} = {B1CF34F7-2A24-4A72-A663-7718B9972C34}
		{62254BC2-59B8-462F-AECE-2E043DA81FA7} = {3A8040AD-7442-4144-B03D-F127C5449EA6}
		{DBC518BF-8FD8-4B2E-B3AA-20CA41CA9C9F} = {3A8040AD-7442-4144-B03D-F127C5449EA6}
		{7446888A-259F-4974-9DE4-7CEB1CE9DD7E} = {9D3FD4E7-1419-4DE3-AF36-45D2380EC164}
		{E961A5EB-C3E3-4D23-8E85-595E6F6AE715} = {9D3FD4E7-1419-4DE3-AF36-45D2380EC164}
		{B8DDC410-DF4E-48AA-A307-FBC46F9352A4} = {9D3FD4E7-1419-4DE3-AF36-45D2380EC164}
		{DBA331C0-35B6-4235-8A5F-6C535425797F} = {9D3FD4E7-1419-4DE3-AF36-45D2380EC164}
		{54214479-290E-4ECE-98D9-69637A98EE34} = {9D3FD4E7-1419-4DE3-AF36-45D2380EC164}
		{DB93E220-8107-4B14-BD8B-F1BD6824E721} = {3BFFD668-32EF-4E90-9661-C5B5C6CDB86F}
		{3A7382BC-D841-4F1B-8898-CB1D6C833389} = {3BFFD668-32EF-4E90-9661-C5B5C6CDB86F}
		{1BF00905-8B7B-41E4-AD6A-D10C7C778AA3} = {3BFFD668-32EF-4E90-9661-C5B5C6CDB86F}
		{0BB088EB-8306-4DFE-B43D-25EF8650717F} = {3BFFD668-32EF-4E90-9661-C5B5C6CDB86F}
	EndGlobalSection
EndGlobal
